# THIS IS AN AUTOGENERATED FILE. DO NOT EDIT THIS FILE DIRECTLY.
# yarn lockfile v1


"@types/ember__object@*", "@types/ember__object@^3.12.5":
  version "3.12.5"
  resolved "https://registry.yarnpkg.com/@types/ember__object/-/ember__object-3.12.5.tgz#f3d5ea5e410d52b3e837267e411d72d7469eb844"
  integrity sha512-IToStKZ6bNfkiqjhpnpf24NADNIqrSd3pmpc0ktRilrMZPoHyexcXW6zyGENtpFJE7O7dVjtPh/MzUYYH0urww==
  dependencies:
    "@types/ember__object" "*"
    "@types/rsvp" "*"

"@types/rsvp@*":
  version "4.0.3"
  resolved "https://registry.yarnpkg.com/@types/rsvp/-/rsvp-4.0.3.tgz#4a1223158453257bce09d42b9eef7cfa6d257482"
  integrity sha512-OpRwxbgx16nL/0/7ol0WoLLyLaMXBvtPOHjqLljnzAB/E7Qk1wtjytxgBhOTBMZvuLXnJUqfnjb4W/QclNFvSA==

typescript@^4.3.2:
  version "4.3.2"
  resolved "https://registry.yarnpkg.com/typescript/-/typescript-4.3.2.tgz#399ab18aac45802d6f2498de5054fcbbe716a805"
  integrity sha512-zZ4hShnmnoVnAHpVHWpTcxdv7dWP60S2FsydQLV8V5PbS3FifjWFFRiHSWpDJahly88PRyV5teTSLoq4eG7mKw==
